
Microsoft Visual Studio Solution File, Format Version 12.00
# Visual Studio 15
VisualStudioVersion = 15.0.28307.1022
MinimumVisualStudioVersion = 10.0.40219.1
Project("{8BC9CEB8-8B4A-11D0-8D11-00A0C91BC942}") = "ExcelProject", "ExcelProject\ExcelProject.vcxproj", "{B1248B4A-F7A1-4963-B688-8710C16EA6E1}"
EndProject
Global
	GlobalSection(SolutionConfigurationPlatforms) = preSolution
		Debug|x64 = Debug|x64
		Debug|x86 = Debug|x86
		Release|x64 = Release|x64
		Release|x86 = Release|x86
	EndGlobalSection
	GlobalSection(ProjectConfigurationPlatforms) = postSolution
		{B1248B4A-F7A1-4963-B688-8710C16EA6E1}.Debug|x64.ActiveCfg = Debug|x64
		{B1248B4A-F7A1-4963-B688-8710C16EA6E1}.Debug|x64.Build.0 = Debug|x64
		{B1248B4A-F7A1-4963-B688-8710C16EA6E1}.Debug|x86.ActiveCfg = Debug|Win32
		{B1248B4A-F7A1-4963-B688-8710C16EA6E1}.Debug|x86.Build.0 = Debug|Win32
		{B1248B4A-F7A1-4963-B688-8710C16EA6E1}.Release|x64.ActiveCfg = Release|x64
		{B1248B4A-F7A1-4963-B688-8710C16EA6E1}.Release|x64.Build.0 = Release|x64
		{B1248B4A-F7A1-4963-B688-8710C16EA6E1}.Release|x86.ActiveCfg = Release|Win32
		{B1248B4A-F7A1-4963-B688-8710C16EA6E1}.Release|x86.Build.0 = Release|Win32
	EndGlobalSection
	GlobalSection(SolutionProperties) = preSolution
		HideSolutionNode = FALSE
	EndGlobalSection
	GlobalSection(ExtensibilityGlobals) = postSolution
		SolutionGuid = {D55DAB38-A636-4364-A567-A3EFA9FE9EA1}
	EndGlobalSection
EndGlobal
